
Microsoft Visual Studio Solution File, Format Version 12.00
# Visual Studio 15
VisualStudioVersion = 15.0.27004.2005
MinimumVisualStudioVersion = 10.0.40219.1
Project("{FAE04EC0-301F-11D3-BF4B-00C04F79EFBC}") = "PlugDynamo", "PlugDynamo\PlugDynamo.csproj", "{9725764C-E4EA-4E68-B8EF-0BBB7D0FF555}"
EndProject
Project("{FAE04EC0-301F-11D3-BF4B-00C04F79EFBC}") = "DynReference", "DynReference\DynReference.csproj", "{2EA628B6-3113-4333-9E07-10DFD9FB16B1}"
EndProject
Project("{FAE04EC0-301F-11D3-BF4B-00C04F79EFBC}") = "DynReflection", "DynReflection\DynReflection.csproj", "{58766E48-28F4-4C2B-A24D-123E4EAFE83A}"
EndProject
Project("{FAE04EC0-301F-11D3-BF4B-00C04F79EFBC}") = "DynZeroTouch", "DynZeroTouch\DynZeroTouch.csproj", "{B80A13C5-2716-4539-9D2B-24725312AD26}"
EndProject
Project("{FAE04EC0-301F-11D3-BF4B-00C04F79EFBC}") = "DynCompile", "DynCompile\DynCompile.csproj", "{58AF2C65-6ED4-416E-8CDC-11FE99F66C99}"
EndProject
Global
	GlobalSection(SolutionConfigurationPlatforms) = preSolution
		Debug|Any CPU = Debug|Any CPU
		Release|Any CPU = Release|Any CPU
	EndGlobalSection
	GlobalSection(ProjectConfigurationPlatforms) = postSolution
		{9725764C-E4EA-4E68-B8EF-0BBB7D0FF555}.Debug|Any CPU.ActiveCfg = Debug|Any CPU
		{9725764C-E4EA-4E68-B8EF-0BBB7D0FF555}.Debug|Any CPU.Build.0 = Debug|Any CPU
		{9725764C-E4EA-4E68-B8EF-0BBB7D0FF555}.Release|Any CPU.ActiveCfg = Release|Any CPU
		{9725764C-E4EA-4E68-B8EF-0BBB7D0FF555}.Release|Any CPU.Build.0 = Release|Any CPU
		{2EA628B6-3113-4333-9E07-10DFD9FB16B1}.Debug|Any CPU.ActiveCfg = Debug|Any CPU
		{2EA628B6-3113-4333-9E07-10DFD9FB16B1}.Debug|Any CPU.Build.0 = Debug|Any CPU
		{2EA628B6-3113-4333-9E07-10DFD9FB16B1}.Release|Any CPU.ActiveCfg = Release|Any CPU
		{2EA628B6-3113-4333-9E07-10DFD9FB16B1}.Release|Any CPU.Build.0 = Release|Any CPU
		{58766E48-28F4-4C2B-A24D-123E4EAFE83A}.Debug|Any CPU.ActiveCfg = Debug|Any CPU
		{58766E48-28F4-4C2B-A24D-123E4EAFE83A}.Debug|Any CPU.Build.0 = Debug|Any CPU
		{58766E48-28F4-4C2B-A24D-123E4EAFE83A}.Release|Any CPU.ActiveCfg = Release|Any CPU
		{58766E48-28F4-4C2B-A24D-123E4EAFE83A}.Release|Any CPU.Build.0 = Release|Any CPU
		{B80A13C5-2716-4539-9D2B-24725312AD26}.Debug|Any CPU.ActiveCfg = Debug|Any CPU
		{B80A13C5-2716-4539-9D2B-24725312AD26}.Debug|Any CPU.Build.0 = Debug|Any CPU
		{B80A13C5-2716-4539-9D2B-24725312AD26}.Release|Any CPU.ActiveCfg = Release|Any CPU
		{B80A13C5-2716-4539-9D2B-24725312AD26}.Release|Any CPU.Build.0 = Release|Any CPU
		{58AF2C65-6ED4-416E-8CDC-11FE99F66C99}.Debug|Any CPU.ActiveCfg = Debug|Any CPU
		{58AF2C65-6ED4-416E-8CDC-11FE99F66C99}.Debug|Any CPU.Build.0 = Debug|Any CPU
		{58AF2C65-6ED4-416E-8CDC-11FE99F66C99}.Release|Any CPU.ActiveCfg = Release|Any CPU
		{58AF2C65-6ED4-416E-8CDC-11FE99F66C99}.Release|Any CPU.Build.0 = Release|Any CPU
	EndGlobalSection
	GlobalSection(SolutionProperties) = preSolution
		HideSolutionNode = FALSE
	EndGlobalSection
	GlobalSection(ExtensibilityGlobals) = postSolution
		SolutionGuid = {180AED8D-D517-4DB6-9A71-6C5825F393E6}
	EndGlobalSection
EndGlobal
